
Microsoft Visual Studio Solution File, Format Version 12.00
# Visual Studio 15
VisualStudioVersion = 15.0.28010.2016
MinimumVisualStudioVersion = 10.0.40219.1
Project("{FAE04EC0-301F-11D3-BF4B-00C04F79EFBC}") = "indeed.com.forms", "indeed.com.parser\indeed.com.forms.csproj", "{657EBE0B-D532-4E81-8EEC-8257725780BE}"
EndProject
Project("{FAE04EC0-301F-11D3-BF4B-00C04F79EFBC}") = "indeed.com.presenters", "indeed.com.presenters\indeed.com.presenters.csproj", "{C5924723-C1E9-46E3-87E8-8AB1A0A69B61}"
EndProject
Project("{FAE04EC0-301F-11D3-BF4B-00C04F79EFBC}") = "indeed.com.classes", "indeed.com.classes\indeed.com.classes.csproj", "{7DB59A88-84A1-405F-B2D8-3C5F1D0EDD27}"
EndProject
Project("{FAE04EC0-301F-11D3-BF4B-00C04F79EFBC}") = "indeed.com.tests", "indeed.com.tests\indeed.com.tests.csproj", "{5F3ADBF9-A03C-4975-AE66-19BC43967E88}"
EndProject
Global
	GlobalSection(SolutionConfigurationPlatforms) = preSolution
		Debug|Any CPU = Debug|Any CPU
		Release|Any CPU = Release|Any CPU
	EndGlobalSection
	GlobalSection(ProjectConfigurationPlatforms) = postSolution
		{657EBE0B-D532-4E81-8EEC-8257725780BE}.Debug|Any CPU.ActiveCfg = Debug|Any CPU
		{657EBE0B-D532-4E81-8EEC-8257725780BE}.Debug|Any CPU.Build.0 = Debug|Any CPU
		{657EBE0B-D532-4E81-8EEC-8257725780BE}.Release|Any CPU.ActiveCfg = Release|Any CPU
		{657EBE0B-D532-4E81-8EEC-8257725780BE}.Release|Any CPU.Build.0 = Release|Any CPU
		{C5924723-C1E9-46E3-87E8-8AB1A0A69B61}.Debug|Any CPU.ActiveCfg = Debug|Any CPU
		{C5924723-C1E9-46E3-87E8-8AB1A0A69B61}.Debug|Any CPU.Build.0 = Debug|Any CPU
		{C5924723-C1E9-46E3-87E8-8AB1A0A69B61}.Release|Any CPU.ActiveCfg = Release|Any CPU
		{C5924723-C1E9-46E3-87E8-8AB1A0A69B61}.Release|Any CPU.Build.0 = Release|Any CPU
		{7DB59A88-84A1-405F-B2D8-3C5F1D0EDD27}.Debug|Any CPU.ActiveCfg = Debug|Any CPU
		{7DB59A88-84A1-405F-B2D8-3C5F1D0EDD27}.Debug|Any CPU.Build.0 = Debug|Any CPU
		{7DB59A88-84A1-405F-B2D8-3C5F1D0EDD27}.Release|Any CPU.ActiveCfg = Release|Any CPU
		{7DB59A88-84A1-405F-B2D8-3C5F1D0EDD27}.Release|Any CPU.Build.0 = Release|Any CPU
		{5F3ADBF9-A03C-4975-AE66-19BC43967E88}.Debug|Any CPU.ActiveCfg = Debug|Any CPU
		{5F3ADBF9-A03C-4975-AE66-19BC43967E88}.Debug|Any CPU.Build.0 = Debug|Any CPU
		{5F3ADBF9-A03C-4975-AE66-19BC43967E88}.Release|Any CPU.ActiveCfg = Release|Any CPU
		{5F3ADBF9-A03C-4975-AE66-19BC43967E88}.Release|Any CPU.Build.0 = Release|Any CPU
	EndGlobalSection
	GlobalSection(SolutionProperties) = preSolution
		HideSolutionNode = FALSE
	EndGlobalSection
	GlobalSection(ExtensibilityGlobals) = postSolution
		SolutionGuid = {46509C13-A44A-4EF5-985E-54C184C7D286}
	EndGlobalSection
EndGlobal
